
Microsoft Visual Studio Solution File, Format Version 12.00
# Visual Studio Version 17
VisualStudioVersion = 17.7.34031.279
MinimumVisualStudioVersion = 10.0.40219.1
Project("{FAE04EC0-301F-11D3-BF4B-00C04F79EFBC}") = "WebServiceTest", "WebServiceTest.csproj", "{4AA38432-B56D-4F81-9FD7-4CE9588DCDB5}"
EndProject
Project("{FAE04EC0-301F-11D3-BF4B-00C04F79EFBC}") = "ConsoleWebServiceCall", "..\ConsoleWebServiceCall\ConsoleWebServiceCall.csproj", "{D0C521C8-CD2F-4B51-8104-4CD8BE656F9C}"
EndProject
Global
	GlobalSection(SolutionConfigurationPlatforms) = preSolution
		Debug|Any CPU = Debug|Any CPU
		Release|Any CPU = Release|Any CPU
	EndGlobalSection
	GlobalSection(ProjectConfigurationPlatforms) = postSolution
		{4AA38432-B56D-4F81-9FD7-4CE9588DCDB5}.Debug|Any CPU.ActiveCfg = Debug|Any CPU
		{4AA38432-B56D-4F81-9FD7-4CE9588DCDB5}.Debug|Any CPU.Build.0 = Debug|Any CPU
		{4AA38432-B56D-4F81-9FD7-4CE9588DCDB5}.Release|Any CPU.ActiveCfg = Release|Any CPU
		{4AA38432-B56D-4F81-9FD7-4CE9588DCDB5}.Release|Any CPU.Build.0 = Release|Any CPU
		{D0C521C8-CD2F-4B51-8104-4CD8BE656F9C}.Debug|Any CPU.ActiveCfg = Debug|Any CPU
		{D0C521C8-CD2F-4B51-8104-4CD8BE656F9C}.Debug|Any CPU.Build.0 = Debug|Any CPU
		{D0C521C8-CD2F-4B51-8104-4CD8BE656F9C}.Release|Any CPU.ActiveCfg = Release|Any CPU
		{D0C521C8-CD2F-4B51-8104-4CD8BE656F9C}.Release|Any CPU.Build.0 = Release|Any CPU
	EndGlobalSection
	GlobalSection(SolutionProperties) = preSolution
		HideSolutionNode = FALSE
	EndGlobalSection
	GlobalSection(ExtensibilityGlobals) = postSolution
		SolutionGuid = {CD61A833-C751-48B1-9AAD-0FC34EFDB51E}
	EndGlobalSection
EndGlobal
